
Microsoft Visual Studio Solution File, Format Version 12.00
# Visual Studio 15
VisualStudioVersion = 15.0.27004.2002
MinimumVisualStudioVersion = 10.0.40219.1
Project("{9092AA53-FB77-4645-B42D-1CCCA6BD08BD}") = "ApiHost", "ApiHost\ApiHost.njsproj", "{2211DC58-5B11-4C2D-9ED2-626B742AA6AF}"
EndProject
Global
	GlobalSection(SolutionConfigurationPlatforms) = preSolution
		Debug|Any CPU = Debug|Any CPU
		Release|Any CPU = Release|Any CPU
	EndGlobalSection
	GlobalSection(ProjectConfigurationPlatforms) = postSolution
		{2211DC58-5B11-4C2D-9ED2-626B742AA6AF}.Debug|Any CPU.ActiveCfg = Debug|Any CPU
		{2211DC58-5B11-4C2D-9ED2-626B742AA6AF}.Debug|Any CPU.Build.0 = Debug|Any CPU
		{2211DC58-5B11-4C2D-9ED2-626B742AA6AF}.Release|Any CPU.ActiveCfg = Release|Any CPU
		{2211DC58-5B11-4C2D-9ED2-626B742AA6AF}.Release|Any CPU.Build.0 = Release|Any CPU
	EndGlobalSection
	GlobalSection(SolutionProperties) = preSolution
		HideSolutionNode = FALSE
	EndGlobalSection
	GlobalSection(ExtensibilityGlobals) = postSolution
		SolutionGuid = {9B176B3A-C4AF-4E05-8444-98FFAB10CC41}
	EndGlobalSection
EndGlobal
